
Microsoft Visual Studio Solution File, Format Version 12.00
# Visual Studio Version 17
VisualStudioVersion = 17.4.33403.182
MinimumVisualStudioVersion = 10.0.40219.1
Project("{FAE04EC0-301F-11D3-BF4B-00C04F79EFBC}") = "adventOfCode_2021_day6", "adventOfCode_2021_day6\adventOfCode_2021_day6.csproj", "{1544D30A-9255-4EB4-9A81-6B020C21C831}"
EndProject
Global
	GlobalSection(SolutionConfigurationPlatforms) = preSolution
		Debug|Any CPU = Debug|Any CPU
		Release|Any CPU = Release|Any CPU
	EndGlobalSection
	GlobalSection(ProjectConfigurationPlatforms) = postSolution
		{1544D30A-9255-4EB4-9A81-6B020C21C831}.Debug|Any CPU.ActiveCfg = Debug|Any CPU
		{1544D30A-9255-4EB4-9A81-6B020C21C831}.Debug|Any CPU.Build.0 = Debug|Any CPU
		{1544D30A-9255-4EB4-9A81-6B020C21C831}.Release|Any CPU.ActiveCfg = Release|Any CPU
		{1544D30A-9255-4EB4-9A81-6B020C21C831}.Release|Any CPU.Build.0 = Release|Any CPU
	EndGlobalSection
	GlobalSection(SolutionProperties) = preSolution
		HideSolutionNode = FALSE
	EndGlobalSection
	GlobalSection(ExtensibilityGlobals) = postSolution
		SolutionGuid = {C44FD5A4-AED8-44AC-A624-F53EEEE4674E}
	EndGlobalSection
EndGlobal
