
Microsoft Visual Studio Solution File, Format Version 12.00
# Visual Studio Version 17
VisualStudioVersion = 17.3.32929.385
MinimumVisualStudioVersion = 10.0.40219.1
Project("{FAE04EC0-301F-11D3-BF4B-00C04F79EFBC}") = "adventOfCode_2022_day5", "adventOfCode_2022_day5\adventOfCode_2022_day5.csproj", "{EBD48278-1B3B-4253-8247-EEF64BEE9D95}"
EndProject
Global
	GlobalSection(SolutionConfigurationPlatforms) = preSolution
		Debug|Any CPU = Debug|Any CPU
		Release|Any CPU = Release|Any CPU
	EndGlobalSection
	GlobalSection(ProjectConfigurationPlatforms) = postSolution
		{EBD48278-1B3B-4253-8247-EEF64BEE9D95}.Debug|Any CPU.ActiveCfg = Debug|Any CPU
		{EBD48278-1B3B-4253-8247-EEF64BEE9D95}.Debug|Any CPU.Build.0 = Debug|Any CPU
		{EBD48278-1B3B-4253-8247-EEF64BEE9D95}.Release|Any CPU.ActiveCfg = Release|Any CPU
		{EBD48278-1B3B-4253-8247-EEF64BEE9D95}.Release|Any CPU.Build.0 = Release|Any CPU
	EndGlobalSection
	GlobalSection(SolutionProperties) = preSolution
		HideSolutionNode = FALSE
	EndGlobalSection
	GlobalSection(ExtensibilityGlobals) = postSolution
		SolutionGuid = {08F4A980-03EF-4AED-8BC6-AA1AA8817E89}
	EndGlobalSection
EndGlobal
